
Microsoft Visual Studio Solution File, Format Version 12.00
# Visual Studio Version 17
VisualStudioVersion = 17.7.34031.279
MinimumVisualStudioVersion = 10.0.40219.1
Project("{FAE04EC0-301F-11D3-BF4B-00C04F79EFBC}") = "ClassLibrary1", "ClassLibrary1\ClassLibrary1.csproj", "{90F6485B-05FD-4395-A937-65DB84599019}"
EndProject
Global
	GlobalSection(SolutionConfigurationPlatforms) = preSolution
		Debug|Any CPU = Debug|Any CPU
		Release|Any CPU = Release|Any CPU
	EndGlobalSection
	GlobalSection(ProjectConfigurationPlatforms) = postSolution
		{90F6485B-05FD-4395-A937-65DB84599019}.Debug|Any CPU.ActiveCfg = Debug|Any CPU
		{90F6485B-05FD-4395-A937-65DB84599019}.Debug|Any CPU.Build.0 = Debug|Any CPU
		{90F6485B-05FD-4395-A937-65DB84599019}.Release|Any CPU.ActiveCfg = Release|Any CPU
		{90F6485B-05FD-4395-A937-65DB84599019}.Release|Any CPU.Build.0 = Release|Any CPU
	EndGlobalSection
	GlobalSection(SolutionProperties) = preSolution
		HideSolutionNode = FALSE
	EndGlobalSection
	GlobalSection(ExtensibilityGlobals) = postSolution
		SolutionGuid = {7E0F2203-B048-4161-B4A7-87B46273C21C}
	EndGlobalSection
EndGlobal
